
Microsoft Visual Studio Solution File, Format Version 12.00
# Visual Studio Version 17
VisualStudioVersion = 17.5.33424.131
MinimumVisualStudioVersion = 10.0.40219.1
Project("{888888A0-9F3D-457C-B088-3A5042F75D52}") = "pyapp", "pyapp\pyapp.pyproj", "{4A318F19-8536-484F-B00E-1344F05CE841}"
EndProject
Global
	GlobalSection(SolutionConfigurationPlatforms) = preSolution
		Debug|Any CPU = Debug|Any CPU
		Release|Any CPU = Release|Any CPU
	EndGlobalSection
	GlobalSection(ProjectConfigurationPlatforms) = postSolution
		{4A318F19-8536-484F-B00E-1344F05CE841}.Debug|Any CPU.ActiveCfg = Debug|Any CPU
		{4A318F19-8536-484F-B00E-1344F05CE841}.Release|Any CPU.ActiveCfg = Release|Any CPU
	EndGlobalSection
	GlobalSection(SolutionProperties) = preSolution
		HideSolutionNode = FALSE
	EndGlobalSection
	GlobalSection(ExtensibilityGlobals) = postSolution
		SolutionGuid = {90A5DEEA-7B1C-458C-BB52-E0263BB4F67F}
	EndGlobalSection
EndGlobal
